
Microsoft Visual Studio Solution File, Format Version 12.00
# Visual Studio Version 17
VisualStudioVersion = 17.0.31903.59
MinimumVisualStudioVersion = 10.0.40219.1
Project("{FAE04EC0-301F-11D3-BF4B-00C04F79EFBC}") = "PrimeService", "PrimeService\PrimeService.csproj", "{1DCDC282-73AF-4EBF-A606-FC460F2EABE5}"
EndProject
Project("{FAE04EC0-301F-11D3-BF4B-00C04F79EFBC}") = "PrimeService.Tests", "PrimeService.Tests\PrimeService.Tests.csproj", "{F55C9976-3A07-4CD9-9227-F96D2B68E898}"
EndProject
Global
	GlobalSection(SolutionConfigurationPlatforms) = preSolution
		Debug|Any CPU = Debug|Any CPU
		Release|Any CPU = Release|Any CPU
	EndGlobalSection
	GlobalSection(SolutionProperties) = preSolution
		HideSolutionNode = FALSE
	EndGlobalSection
	GlobalSection(ProjectConfigurationPlatforms) = postSolution
		{1DCDC282-73AF-4EBF-A606-FC460F2EABE5}.Debug|Any CPU.ActiveCfg = Debug|Any CPU
		{1DCDC282-73AF-4EBF-A606-FC460F2EABE5}.Debug|Any CPU.Build.0 = Debug|Any CPU
		{1DCDC282-73AF-4EBF-A606-FC460F2EABE5}.Release|Any CPU.ActiveCfg = Release|Any CPU
		{1DCDC282-73AF-4EBF-A606-FC460F2EABE5}.Release|Any CPU.Build.0 = Release|Any CPU
		{F55C9976-3A07-4CD9-9227-F96D2B68E898}.Debug|Any CPU.ActiveCfg = Debug|Any CPU
		{F55C9976-3A07-4CD9-9227-F96D2B68E898}.Debug|Any CPU.Build.0 = Debug|Any CPU
		{F55C9976-3A07-4CD9-9227-F96D2B68E898}.Release|Any CPU.ActiveCfg = Release|Any CPU
		{F55C9976-3A07-4CD9-9227-F96D2B68E898}.Release|Any CPU.Build.0 = Release|Any CPU
	EndGlobalSection
EndGlobal
